// !$*UTF8*$!
{
	archiveVersion = 1;
	classes = {
	};
	objectVersion = 56;
	objects = {

/* Begin PBXBuildFile section */
		332811A82A99E2A8005EEAB7 /* AppDelegate.swift in Sources */ = {isa = PBXBuildFile; fileRef = 332811A72A99E2A8005EEAB7 /* AppDelegate.swift */; };
		332811AA2A99E2A8005EEAB7 /* SceneDelegate.swift in Sources */ = {isa = PBXBuildFile; fileRef = 332811A92A99E2A8005EEAB7 /* SceneDelegate.swift */; };
		332811AC2A99E2A8005EEAB7 /* TaskGroupViewController.swift in Sources */ = {isa = PBXBuildFile; fileRef = 332811AB2A99E2A8005EEAB7 /* TaskGroupViewController.swift */; };
		332811B12A99E2A9005EEAB7 /* Assets.xcassets in Resources */ = {isa = PBXBuildFile; fileRef = 332811B02A99E2A9005EEAB7 /* Assets.xcassets */; };
		332811B42A99E2A9005EEAB7 /* LaunchScreen.storyboard in Resources */ = {isa = PBXBuildFile; fileRef = 332811B22A99E2A9005EEAB7 /* LaunchScreen.storyboard */; };
		332811C62A99EC4E005EEAB7 /* Identifier.swift in Sources */ = {isa = PBXBuildFile; fileRef = 332811C52A99EC4E005EEAB7 /* Identifier.swift */; };
		332811C92A99ECD7005EEAB7 /* TaskGroupCollectionViewHeader.swift in Sources */ = {isa = PBXBuildFile; fileRef = 332811C82A99ECD7005EEAB7 /* TaskGroupCollectionViewHeader.swift */; };
		332811CB2A9A00DD005EEAB7 /* TaskGroupCollectionViewCell.swift in Sources */ = {isa = PBXBuildFile; fileRef = 332811CA2A9A00DD005EEAB7 /* TaskGroupCollectionViewCell.swift */; };
		332811CD2A9A02DF005EEAB7 /* CircularProgressView.swift in Sources */ = {isa = PBXBuildFile; fileRef = 332811CC2A9A02DF005EEAB7 /* CircularProgressView.swift */; };
		332811CF2A9A47A8005EEAB7 /* DropdownMenuView.swift in Sources */ = {isa = PBXBuildFile; fileRef = 332811CE2A9A47A8005EEAB7 /* DropdownMenuView.swift */; };
		332811D12A9A6546005EEAB7 /* Extensions.swift in Sources */ = {isa = PBXBuildFile; fileRef = 332811D02A9A6546005EEAB7 /* Extensions.swift */; };
		332811D32A9A6B69005EEAB7 /* NewTaskViewController.swift in Sources */ = {isa = PBXBuildFile; fileRef = 332811D22A9A6B69005EEAB7 /* NewTaskViewController.swift */; };
		332811D92A9B02AE005EEAB7 /* NewTaskTableViewEditCell.swift in Sources */ = {isa = PBXBuildFile; fileRef = 332811D82A9B02AE005EEAB7 /* NewTaskTableViewEditCell.swift */; };
		332811DB2A9B16C5005EEAB7 /* UIExtendedLabel.swift in Sources */ = {isa = PBXBuildFile; fileRef = 332811DA2A9B16C5005EEAB7 /* UIExtendedLabel.swift */; };
		332811E02A9B1BD4005EEAB7 /* NewTaskTableViewHeader.swift in Sources */ = {isa = PBXBuildFile; fileRef = 332811DF2A9B1BD4005EEAB7 /* NewTaskTableViewHeader.swift */; };
		332811E32A9B50D9005EEAB7 /* TaskGroup.swift in Sources */ = {isa = PBXBuildFile; fileRef = 332811E22A9B50D9005EEAB7 /* TaskGroup.swift */; };
		332811E52A9B552C005EEAB7 /* Subtask.swift in Sources */ = {isa = PBXBuildFile; fileRef = 332811E42A9B552C005EEAB7 /* Subtask.swift */; };
		332811E82A9B5646005EEAB7 /* TaskService.swift in Sources */ = {isa = PBXBuildFile; fileRef = 332811E72A9B5646005EEAB7 /* TaskService.swift */; };
		332811EA2A9B6D12005EEAB7 /* TaskGroupPlaceholderView.swift in Sources */ = {isa = PBXBuildFile; fileRef = 332811E92A9B6D12005EEAB7 /* TaskGroupPlaceholderView.swift */; };
		332811EC2A9BF826005EEAB7 /* TaskGroupView.swift in Sources */ = {isa = PBXBuildFile; fileRef = 332811EB2A9BF826005EEAB7 /* TaskGroupView.swift */; };
		332811EE2A9C0AAC005EEAB7 /* NewTaskView.swift in Sources */ = {isa = PBXBuildFile; fileRef = 332811ED2A9C0AAC005EEAB7 /* NewTaskView.swift */; };
		332811F12A9C1FE0005EEAB7 /* TypedViewController.swift in Sources */ = {isa = PBXBuildFile; fileRef = 332811F02A9C1FE0005EEAB7 /* TypedViewController.swift */; };
		332811F32A9C4FF6005EEAB7 /* NewTaskTableViewAddCell.swift in Sources */ = {isa = PBXBuildFile; fileRef = 332811F22A9C4FF6005EEAB7 /* NewTaskTableViewAddCell.swift */; };
		332811F82A9CA2AF005EEAB7 /* Observable.swift in Sources */ = {isa = PBXBuildFile; fileRef = 332811F72A9CA2AF005EEAB7 /* Observable.swift */; };
		332811FA2A9CEC5C005EEAB7 /* DataModel.swift in Sources */ = {isa = PBXBuildFile; fileRef = 332811F92A9CEC5C005EEAB7 /* DataModel.swift */; };
		332811FC2A9D92B2005EEAB7 /* CircularProgressViewCell.swift in Sources */ = {isa = PBXBuildFile; fileRef = 332811FB2A9D92B2005EEAB7 /* CircularProgressViewCell.swift */; };
		332811FE2A9D978E005EEAB7 /* APIService.swift in Sources */ = {isa = PBXBuildFile; fileRef = 332811FD2A9D978E005EEAB7 /* APIService.swift */; };
		332812002A9D98A7005EEAB7 /* Animal.swift in Sources */ = {isa = PBXBuildFile; fileRef = 332811FF2A9D98A7005EEAB7 /* Animal.swift */; };
		332812022A9DDC48005EEAB7 /* ToastView.swift in Sources */ = {isa = PBXBuildFile; fileRef = 332812012A9DDC48005EEAB7 /* ToastView.swift */; };
		332812062A9ED814005EEAB7 /* WeakRef.swift in Sources */ = {isa = PBXBuildFile; fileRef = 332812052A9ED814005EEAB7 /* WeakRef.swift */; };
		332812082A9ED96E005EEAB7 /* Observer.swift in Sources */ = {isa = PBXBuildFile; fileRef = 332812072A9ED96E005EEAB7 /* Observer.swift */; };
		3328120C2A9EE7DE005EEAB7 /* RootView.swift in Sources */ = {isa = PBXBuildFile; fileRef = 3328120B2A9EE7DE005EEAB7 /* RootView.swift */; };
		3328120E2A9EF513005EEAB7 /* DebugViewController.swift in Sources */ = {isa = PBXBuildFile; fileRef = 3328120D2A9EF513005EEAB7 /* DebugViewController.swift */; };
		332812102A9F1997005EEAB7 /* EventBus.swift in Sources */ = {isa = PBXBuildFile; fileRef = 3328120F2A9F1997005EEAB7 /* EventBus.swift */; };
		335A6A822A9F5BEF006B7EAC /* ViewControllerEvents.swift in Sources */ = {isa = PBXBuildFile; fileRef = 335A6A812A9F5BEF006B7EAC /* ViewControllerEvents.swift */; };
/* End PBXBuildFile section */

/* Begin PBXFileReference section */
		332811A42A99E2A8005EEAB7 /* ToDoList.app */ = {isa = PBXFileReference; explicitFileType = wrapper.application; includeInIndex = 0; path = ToDoList.app; sourceTree = BUILT_PRODUCTS_DIR; };
		332811A72A99E2A8005EEAB7 /* AppDelegate.swift */ = {isa = PBXFileReference; lastKnownFileType = sourcecode.swift; path = AppDelegate.swift; sourceTree = "<group>"; };
		332811A92A99E2A8005EEAB7 /* SceneDelegate.swift */ = {isa = PBXFileReference; lastKnownFileType = sourcecode.swift; path = SceneDelegate.swift; sourceTree = "<group>"; };
		332811AB2A99E2A8005EEAB7 /* TaskGroupViewController.swift */ = {isa = PBXFileReference; lastKnownFileType = sourcecode.swift; path = TaskGroupViewController.swift; sourceTree = "<group>"; };
		332811B02A99E2A9005EEAB7 /* Assets.xcassets */ = {isa = PBXFileReference; lastKnownFileType = folder.assetcatalog; path = Assets.xcassets; sourceTree = "<group>"; };
		332811B32A99E2A9005EEAB7 /* Base */ = {isa = PBXFileReference; lastKnownFileType = file.storyboard; name = Base; path = Base.lproj/LaunchScreen.storyboard; sourceTree = "<group>"; };
		332811B52A99E2A9005EEAB7 /* Info.plist */ = {isa = PBXFileReference; lastKnownFileType = text.plist.xml; path = Info.plist; sourceTree = "<group>"; };
		332811C52A99EC4E005EEAB7 /* Identifier.swift */ = {isa = PBXFileReference; lastKnownFileType = sourcecode.swift; path = Identifier.swift; sourceTree = "<group>"; };
		332811C82A99ECD7005EEAB7 /* TaskGroupCollectionViewHeader.swift */ = {isa = PBXFileReference; lastKnownFileType = sourcecode.swift; path = TaskGroupCollectionViewHeader.swift; sourceTree = "<group>"; };
		332811CA2A9A00DD005EEAB7 /* TaskGroupCollectionViewCell.swift */ = {isa = PBXFileReference; lastKnownFileType = sourcecode.swift; path = TaskGroupCollectionViewCell.swift; sourceTree = "<group>"; };
		332811CC2A9A02DF005EEAB7 /* CircularProgressView.swift */ = {isa = PBXFileReference; lastKnownFileType = sourcecode.swift; path = CircularProgressView.swift; sourceTree = "<group>"; };
		332811CE2A9A47A8005EEAB7 /* DropdownMenuView.swift */ = {isa = PBXFileReference; lastKnownFileType = sourcecode.swift; path = DropdownMenuView.swift; sourceTree = "<group>"; };
		332811D02A9A6546005EEAB7 /* Extensions.swift */ = {isa = PBXFileReference; lastKnownFileType = sourcecode.swift; path = Extensions.swift; sourceTree = "<group>"; };
		332811D22A9A6B69005EEAB7 /* NewTaskViewController.swift */ = {isa = PBXFileReference; lastKnownFileType = sourcecode.swift; path = NewTaskViewController.swift; sourceTree = "<group>"; };
		332811D82A9B02AE005EEAB7 /* NewTaskTableViewEditCell.swift */ = {isa = PBXFileReference; lastKnownFileType = sourcecode.swift; path = NewTaskTableViewEditCell.swift; sourceTree = "<group>"; };
		332811DA2A9B16C5005EEAB7 /* UIExtendedLabel.swift */ = {isa = PBXFileReference; lastKnownFileType = sourcecode.swift; path = UIExtendedLabel.swift; sourceTree = "<group>"; };
		332811DF2A9B1BD4005EEAB7 /* NewTaskTableViewHeader.swift */ = {isa = PBXFileReference; lastKnownFileType = sourcecode.swift; path = NewTaskTableViewHeader.swift; sourceTree = "<group>"; };
		332811E22A9B50D9005EEAB7 /* TaskGroup.swift */ = {isa = PBXFileReference; lastKnownFileType = sourcecode.swift; path = TaskGroup.swift; sourceTree = "<group>"; };
		332811E42A9B552C005EEAB7 /* Subtask.swift */ = {isa = PBXFileReference; lastKnownFileType = sourcecode.swift; path = Subtask.swift; sourceTree = "<group>"; };
		332811E72A9B5646005EEAB7 /* TaskService.swift */ = {isa = PBXFileReference; lastKnownFileType = sourcecode.swift; path = TaskService.swift; sourceTree = "<group>"; };
		332811E92A9B6D12005EEAB7 /* TaskGroupPlaceholderView.swift */ = {isa = PBXFileReference; lastKnownFileType = sourcecode.swift; path = TaskGroupPlaceholderView.swift; sourceTree = "<group>"; };
		332811EB2A9BF826005EEAB7 /* TaskGroupView.swift */ = {isa = PBXFileReference; lastKnownFileType = sourcecode.swift; path = TaskGroupView.swift; sourceTree = "<group>"; };
		332811ED2A9C0AAC005EEAB7 /* NewTaskView.swift */ = {isa = PBXFileReference; lastKnownFileType = sourcecode.swift; path = NewTaskView.swift; sourceTree = "<group>"; };
		332811F02A9C1FE0005EEAB7 /* TypedViewController.swift */ = {isa = PBXFileReference; lastKnownFileType = sourcecode.swift; path = TypedViewController.swift; sourceTree = "<group>"; };
		332811F22A9C4FF6005EEAB7 /* NewTaskTableViewAddCell.swift */ = {isa = PBXFileReference; lastKnownFileType = sourcecode.swift; path = NewTaskTableViewAddCell.swift; sourceTree = "<group>"; };
		332811F72A9CA2AF005EEAB7 /* Observable.swift */ = {isa = PBXFileReference; lastKnownFileType = sourcecode.swift; path = Observable.swift; sourceTree = "<group>"; };
		332811F92A9CEC5C005EEAB7 /* DataModel.swift */ = {isa = PBXFileReference; lastKnownFileType = sourcecode.swift; path = DataModel.swift; sourceTree = "<group>"; };
		332811FB2A9D92B2005EEAB7 /* CircularProgressViewCell.swift */ = {isa = PBXFileReference; lastKnownFileType = sourcecode.swift; path = CircularProgressViewCell.swift; sourceTree = "<group>"; };
		332811FD2A9D978E005EEAB7 /* APIService.swift */ = {isa = PBXFileReference; lastKnownFileType = sourcecode.swift; path = APIService.swift; sourceTree = "<group>"; };
		332811FF2A9D98A7005EEAB7 /* Animal.swift */ = {isa = PBXFileReference; lastKnownFileType = sourcecode.swift; path = Animal.swift; sourceTree = "<group>"; };
		332812012A9DDC48005EEAB7 /* ToastView.swift */ = {isa = PBXFileReference; lastKnownFileType = sourcecode.swift; path = ToastView.swift; sourceTree = "<group>"; };
		332812032A9E64D9005EEAB7 /* Secrets.example.xcconfig */ = {isa = PBXFileReference; lastKnownFileType = text.xcconfig; path = Secrets.example.xcconfig; sourceTree = "<group>"; };
		332812042A9E65D9005EEAB7 /* Secrets.xcconfig */ = {isa = PBXFileReference; lastKnownFileType = text.xcconfig; path = Secrets.xcconfig; sourceTree = "<group>"; };
		332812052A9ED814005EEAB7 /* WeakRef.swift */ = {isa = PBXFileReference; lastKnownFileType = sourcecode.swift; path = WeakRef.swift; sourceTree = "<group>"; };
		332812072A9ED96E005EEAB7 /* Observer.swift */ = {isa = PBXFileReference; lastKnownFileType = sourcecode.swift; path = Observer.swift; sourceTree = "<group>"; };
		3328120B2A9EE7DE005EEAB7 /* RootView.swift */ = {isa = PBXFileReference; lastKnownFileType = sourcecode.swift; path = RootView.swift; sourceTree = "<group>"; };
		3328120D2A9EF513005EEAB7 /* DebugViewController.swift */ = {isa = PBXFileReference; lastKnownFileType = sourcecode.swift; path = DebugViewController.swift; sourceTree = "<group>"; };
		3328120F2A9F1997005EEAB7 /* EventBus.swift */ = {isa = PBXFileReference; lastKnownFileType = sourcecode.swift; path = EventBus.swift; sourceTree = "<group>"; };
		335A6A812A9F5BEF006B7EAC /* ViewControllerEvents.swift */ = {isa = PBXFileReference; lastKnownFileType = sourcecode.swift; path = ViewControllerEvents.swift; sourceTree = "<group>"; };
/* End PBXFileReference section */

/* Begin PBXFrameworksBuildPhase section */
		332811A12A99E2A8005EEAB7 /* Frameworks */ = {
			isa = PBXFrameworksBuildPhase;
			buildActionMask = 2147483647;
			files = (
			);
			runOnlyForDeploymentPostprocessing = 0;
		};
/* End PBXFrameworksBuildPhase section */

/* Begin PBXGroup section */
		3328119B2A99E2A8005EEAB7 = {
			isa = PBXGroup;
			children = (
				332811A62A99E2A8005EEAB7 /* ToDoList */,
				332811A52A99E2A8005EEAB7 /* Products */,
			);
			sourceTree = "<group>";
		};
		332811A52A99E2A8005EEAB7 /* Products */ = {
			isa = PBXGroup;
			children = (
				332811A42A99E2A8005EEAB7 /* ToDoList.app */,
			);
			name = Products;
			sourceTree = "<group>";
		};
		332811A62A99E2A8005EEAB7 /* ToDoList */ = {
			isa = PBXGroup;
			children = (
				332811BB2A99E54C005EEAB7 /* Resources */,
				332811E12A9B50CA005EEAB7 /* Models */,
				332811E62A9B5622005EEAB7 /* Services */,
				332811BD2A99E565005EEAB7 /* Views */,
				332811BC2A99E559005EEAB7 /* Controllers */,
				332811F62A9CA291005EEAB7 /* Utilities */,
				332811B52A99E2A9005EEAB7 /* Info.plist */,
			);
			path = ToDoList;
			sourceTree = "<group>";
		};
		332811BB2A99E54C005EEAB7 /* Resources */ = {
			isa = PBXGroup;
			children = (
				332811B02A99E2A9005EEAB7 /* Assets.xcassets */,
				332811A72A99E2A8005EEAB7 /* AppDelegate.swift */,
				332811A92A99E2A8005EEAB7 /* SceneDelegate.swift */,
				332811D02A9A6546005EEAB7 /* Extensions.swift */,
				332812032A9E64D9005EEAB7 /* Secrets.example.xcconfig */,
				332812042A9E65D9005EEAB7 /* Secrets.xcconfig */,
			);
			path = Resources;
			sourceTree = "<group>";
		};
		332811BC2A99E559005EEAB7 /* Controllers */ = {
			isa = PBXGroup;
			children = (
				332811F02A9C1FE0005EEAB7 /* TypedViewController.swift */,
				335A6A812A9F5BEF006B7EAC /* ViewControllerEvents.swift */,
				332811AB2A99E2A8005EEAB7 /* TaskGroupViewController.swift */,
				332811D22A9A6B69005EEAB7 /* NewTaskViewController.swift */,
				3328120D2A9EF513005EEAB7 /* DebugViewController.swift */,
			);
			path = Controllers;
			sourceTree = "<group>";
		};
		332811BD2A99E565005EEAB7 /* Views */ = {
			isa = PBXGroup;
			children = (
				332811B22A99E2A9005EEAB7 /* LaunchScreen.storyboard */,
				332811C52A99EC4E005EEAB7 /* Identifier.swift */,
				3328120B2A9EE7DE005EEAB7 /* RootView.swift */,
				332811DD2A9B1A37005EEAB7 /* Shared */,
				332811DC2A9B1A23005EEAB7 /* TaskGroup */,
				332811DE2A9B1A48005EEAB7 /* NewTask */,
			);
			path = Views;
			sourceTree = "<group>";
		};
		332811DC2A9B1A23005EEAB7 /* TaskGroup */ = {
			isa = PBXGroup;
			children = (
				332811EB2A9BF826005EEAB7 /* TaskGroupView.swift */,
				332811C82A99ECD7005EEAB7 /* TaskGroupCollectionViewHeader.swift */,
				332811CA2A9A00DD005EEAB7 /* TaskGroupCollectionViewCell.swift */,
				332811E92A9B6D12005EEAB7 /* TaskGroupPlaceholderView.swift */,
			);
			path = TaskGroup;
			sourceTree = "<group>";
		};
		332811DD2A9B1A37005EEAB7 /* Shared */ = {
			isa = PBXGroup;
			children = (
				332811CC2A9A02DF005EEAB7 /* CircularProgressView.swift */,
				332811FB2A9D92B2005EEAB7 /* CircularProgressViewCell.swift */,
				332811CE2A9A47A8005EEAB7 /* DropdownMenuView.swift */,
				332812012A9DDC48005EEAB7 /* ToastView.swift */,
				332811DA2A9B16C5005EEAB7 /* UIExtendedLabel.swift */,
			);
			path = Shared;
			sourceTree = "<group>";
		};
		332811DE2A9B1A48005EEAB7 /* NewTask */ = {
			isa = PBXGroup;
			children = (
				332811ED2A9C0AAC005EEAB7 /* NewTaskView.swift */,
				332811DF2A9B1BD4005EEAB7 /* NewTaskTableViewHeader.swift */,
				332811D82A9B02AE005EEAB7 /* NewTaskTableViewEditCell.swift */,
				332811F22A9C4FF6005EEAB7 /* NewTaskTableViewAddCell.swift */,
			);
			path = NewTask;
			sourceTree = "<group>";
		};
		332811E12A9B50CA005EEAB7 /* Models */ = {
			isa = PBXGroup;
			children = (
				332811F92A9CEC5C005EEAB7 /* DataModel.swift */,
				332811E22A9B50D9005EEAB7 /* TaskGroup.swift */,
				332811E42A9B552C005EEAB7 /* Subtask.swift */,
				332811FF2A9D98A7005EEAB7 /* Animal.swift */,
			);
			path = Models;
			sourceTree = "<group>";
		};
		332811E62A9B5622005EEAB7 /* Services */ = {
			isa = PBXGroup;
			children = (
				332811FD2A9D978E005EEAB7 /* APIService.swift */,
				332811E72A9B5646005EEAB7 /* TaskService.swift */,
			);
			path = Services;
			sourceTree = "<group>";
		};
		332811F62A9CA291005EEAB7 /* Utilities */ = {
			isa = PBXGroup;
			children = (
				332812052A9ED814005EEAB7 /* WeakRef.swift */,
				332812072A9ED96E005EEAB7 /* Observer.swift */,
				332811F72A9CA2AF005EEAB7 /* Observable.swift */,
				3328120F2A9F1997005EEAB7 /* EventBus.swift */,
			);
			path = Utilities;
			sourceTree = "<group>";
		};
/* End PBXGroup section */

/* Begin PBXNativeTarget section */
		332811A32A99E2A8005EEAB7 /* ToDoList */ = {
			isa = PBXNativeTarget;
			buildConfigurationList = 332811B82A99E2A9005EEAB7 /* Build configuration list for PBXNativeTarget "ToDoList" */;
			buildPhases = (
				332811A02A99E2A8005EEAB7 /* Sources */,
				332811A12A99E2A8005EEAB7 /* Frameworks */,
				332811A22A99E2A8005EEAB7 /* Resources */,
			);
			buildRules = (
			);
			dependencies = (
			);
			name = ToDoList;
			productName = ToDoList;
			productReference = 332811A42A99E2A8005EEAB7 /* ToDoList.app */;
			productType = "com.apple.product-type.application";
		};
/* End PBXNativeTarget section */

/* Begin PBXProject section */
		3328119C2A99E2A8005EEAB7 /* Project object */ = {
			isa = PBXProject;
			attributes = {
				BuildIndependentTargetsInParallel = 1;
				LastSwiftUpdateCheck = 1430;
				LastUpgradeCheck = 1430;
				TargetAttributes = {
					332811A32A99E2A8005EEAB7 = {
						CreatedOnToolsVersion = 14.3.1;
					};
				};
			};
			buildConfigurationList = 3328119F2A99E2A8005EEAB7 /* Build configuration list for PBXProject "ToDoList" */;
			compatibilityVersion = "Xcode 14.0";
			developmentRegion = en;
			hasScannedForEncodings = 0;
			knownRegions = (
				en,
				Base,
			);
			mainGroup = 3328119B2A99E2A8005EEAB7;
			productRefGroup = 332811A52A99E2A8005EEAB7 /* Products */;
			projectDirPath = "";
			projectRoot = "";
			targets = (
				332811A32A99E2A8005EEAB7 /* ToDoList */,
			);
		};
/* End PBXProject section */

/* Begin PBXResourcesBuildPhase section */
		332811A22A99E2A8005EEAB7 /* Resources */ = {
			isa = PBXResourcesBuildPhase;
			buildActionMask = 2147483647;
			files = (
				332811B42A99E2A9005EEAB7 /* LaunchScreen.storyboard in Resources */,
				332811B12A99E2A9005EEAB7 /* Assets.xcassets in Resources */,
			);
			runOnlyForDeploymentPostprocessing = 0;
		};
/* End PBXResourcesBuildPhase section */

/* Begin PBXSourcesBuildPhase section */
		332811A02A99E2A8005EEAB7 /* Sources */ = {
			isa = PBXSourcesBuildPhase;
			buildActionMask = 2147483647;
			files = (
				332811EA2A9B6D12005EEAB7 /* TaskGroupPlaceholderView.swift in Sources */,
				332811FE2A9D978E005EEAB7 /* APIService.swift in Sources */,
				332811EE2A9C0AAC005EEAB7 /* NewTaskView.swift in Sources */,
				332812002A9D98A7005EEAB7 /* Animal.swift in Sources */,
				332811E82A9B5646005EEAB7 /* TaskService.swift in Sources */,
				3328120E2A9EF513005EEAB7 /* DebugViewController.swift in Sources */,
				332811C92A99ECD7005EEAB7 /* TaskGroupCollectionViewHeader.swift in Sources */,
				332811D12A9A6546005EEAB7 /* Extensions.swift in Sources */,
				332811F12A9C1FE0005EEAB7 /* TypedViewController.swift in Sources */,
				332811DB2A9B16C5005EEAB7 /* UIExtendedLabel.swift in Sources */,
				332811AC2A99E2A8005EEAB7 /* TaskGroupViewController.swift in Sources */,
				332811C62A99EC4E005EEAB7 /* Identifier.swift in Sources */,
				332811CD2A9A02DF005EEAB7 /* CircularProgressView.swift in Sources */,
				332811CF2A9A47A8005EEAB7 /* DropdownMenuView.swift in Sources */,
				332811F82A9CA2AF005EEAB7 /* Observable.swift in Sources */,
				332811EC2A9BF826005EEAB7 /* TaskGroupView.swift in Sources */,
				332811E02A9B1BD4005EEAB7 /* NewTaskTableViewHeader.swift in Sources */,
				332812022A9DDC48005EEAB7 /* ToastView.swift in Sources */,
				332811D92A9B02AE005EEAB7 /* NewTaskTableViewEditCell.swift in Sources */,
				332811D32A9A6B69005EEAB7 /* NewTaskViewController.swift in Sources */,
				335A6A822A9F5BEF006B7EAC /* ViewControllerEvents.swift in Sources */,
				332811F32A9C4FF6005EEAB7 /* NewTaskTableViewAddCell.swift in Sources */,
				332812102A9F1997005EEAB7 /* EventBus.swift in Sources */,
				332811E52A9B552C005EEAB7 /* Subtask.swift in Sources */,
				332812082A9ED96E005EEAB7 /* Observer.swift in Sources */,
				332812062A9ED814005EEAB7 /* WeakRef.swift in Sources */,
				3328120C2A9EE7DE005EEAB7 /* RootView.swift in Sources */,
				332811A82A99E2A8005EEAB7 /* AppDelegate.swift in Sources */,
				332811CB2A9A00DD005EEAB7 /* TaskGroupCollectionViewCell.swift in Sources */,
				332811E32A9B50D9005EEAB7 /* TaskGroup.swift in Sources */,
				332811AA2A99E2A8005EEAB7 /* SceneDelegate.swift in Sources */,
				332811FC2A9D92B2005EEAB7 /* CircularProgressViewCell.swift in Sources */,
				332811FA2A9CEC5C005EEAB7 /* DataModel.swift in Sources */,
			);
			runOnlyForDeploymentPostprocessing = 0;
		};
/* End PBXSourcesBuildPhase section */

/* Begin PBXVariantGroup section */
		332811B22A99E2A9005EEAB7 /* LaunchScreen.storyboard */ = {
			isa = PBXVariantGroup;
			children = (
				332811B32A99E2A9005EEAB7 /* Base */,
			);
			name = LaunchScreen.storyboard;
			sourceTree = "<group>";
		};
/* End PBXVariantGroup section */

/* Begin XCBuildConfiguration section */
		332811B62A99E2A9005EEAB7 /* Debug */ = {
			isa = XCBuildConfiguration;
			buildSettings = {
				ALWAYS_SEARCH_USER_PATHS = NO;
				CLANG_ANALYZER_NONNULL = YES;
				CLANG_ANALYZER_NUMBER_OBJECT_CONVERSION = YES_AGGRESSIVE;
				CLANG_CXX_LANGUAGE_STANDARD = "gnu++20";
				CLANG_ENABLE_MODULES = YES;
				CLANG_ENABLE_OBJC_ARC = YES;
				CLANG_ENABLE_OBJC_WEAK = YES;
				CLANG_WARN_BLOCK_CAPTURE_AUTORELEASING = YES;
				CLANG_WARN_BOOL_CONVERSION = YES;
				CLANG_WARN_COMMA = YES;
				CLANG_WARN_CONSTANT_CONVERSION = YES;
				CLANG_WARN_DEPRECATED_OBJC_IMPLEMENTATIONS = YES;
				CLANG_WARN_DIRECT_OBJC_ISA_USAGE = YES_ERROR;
				CLANG_WARN_DOCUMENTATION_COMMENTS = YES;
				CLANG_WARN_EMPTY_BODY = YES;
				CLANG_WARN_ENUM_CONVERSION = YES;
				CLANG_WARN_INFINITE_RECURSION = YES;
				CLANG_WARN_INT_CONVERSION = YES;
				CLANG_WARN_NON_LITERAL_NULL_CONVERSION = YES;
				CLANG_WARN_OBJC_IMPLICIT_RETAIN_SELF = YES;
				CLANG_WARN_OBJC_LITERAL_CONVERSION = YES;
				CLANG_WARN_OBJC_ROOT_CLASS = YES_ERROR;
				CLANG_WARN_QUOTED_INCLUDE_IN_FRAMEWORK_HEADER = YES;
				CLANG_WARN_RANGE_LOOP_ANALYSIS = YES;
				CLANG_WARN_STRICT_PROTOTYPES = YES;
				CLANG_WARN_SUSPICIOUS_MOVE = YES;
				CLANG_WARN_UNGUARDED_AVAILABILITY = YES_AGGRESSIVE;
				CLANG_WARN_UNREACHABLE_CODE = YES;
				CLANG_WARN__DUPLICATE_METHOD_MATCH = YES;
				COPY_PHASE_STRIP = NO;
				DEBUG_INFORMATION_FORMAT = dwarf;
				ENABLE_STRICT_OBJC_MSGSEND = YES;
				ENABLE_TESTABILITY = YES;
				GCC_C_LANGUAGE_STANDARD = gnu11;
				GCC_DYNAMIC_NO_PIC = NO;
				GCC_NO_COMMON_BLOCKS = YES;
				GCC_OPTIMIZATION_LEVEL = 0;
				GCC_PREPROCESSOR_DEFINITIONS = (
					"DEBUG=1",
					"$(inherited)",
				);
				GCC_WARN_64_TO_32_BIT_CONVERSION = YES;
				GCC_WARN_ABOUT_RETURN_TYPE = YES_ERROR;
				GCC_WARN_UNDECLARED_SELECTOR = YES;
				GCC_WARN_UNINITIALIZED_AUTOS = YES_AGGRESSIVE;
				GCC_WARN_UNUSED_FUNCTION = YES;
				GCC_WARN_UNUSED_VARIABLE = YES;
				IPHONEOS_DEPLOYMENT_TARGET = 14.0;
				MTL_ENABLE_DEBUG_INFO = INCLUDE_SOURCE;
				MTL_FAST_MATH = YES;
				ONLY_ACTIVE_ARCH = YES;
				SDKROOT = iphoneos;
				SWIFT_ACTIVE_COMPILATION_CONDITIONS = DEBUG;
				SWIFT_OPTIMIZATION_LEVEL = "-Onone";
			};
			name = Debug;
		};
		332811B72A99E2A9005EEAB7 /* Release */ = {
			isa = XCBuildConfiguration;
			buildSettings = {
				ALWAYS_SEARCH_USER_PATHS = NO;
				CLANG_ANALYZER_NONNULL = YES;
				CLANG_ANALYZER_NUMBER_OBJECT_CONVERSION = YES_AGGRESSIVE;
				CLANG_CXX_LANGUAGE_STANDARD = "gnu++20";
				CLANG_ENABLE_MODULES = YES;
				CLANG_ENABLE_OBJC_ARC = YES;
				CLANG_ENABLE_OBJC_WEAK = YES;
				CLANG_WARN_BLOCK_CAPTURE_AUTORELEASING = YES;
				CLANG_WARN_BOOL_CONVERSION = YES;
				CLANG_WARN_COMMA = YES;
				CLANG_WARN_CONSTANT_CONVERSION = YES;
				CLANG_WARN_DEPRECATED_OBJC_IMPLEMENTATIONS = YES;
				CLANG_WARN_DIRECT_OBJC_ISA_USAGE = YES_ERROR;
				CLANG_WARN_DOCUMENTATION_COMMENTS = YES;
				CLANG_WARN_EMPTY_BODY = YES;
				CLANG_WARN_ENUM_CONVERSION = YES;
				CLANG_WARN_INFINITE_RECURSION = YES;
				CLANG_WARN_INT_CONVERSION = YES;
				CLANG_WARN_NON_LITERAL_NULL_CONVERSION = YES;
				CLANG_WARN_OBJC_IMPLICIT_RETAIN_SELF = YES;
				CLANG_WARN_OBJC_LITERAL_CONVERSION = YES;
				CLANG_WARN_OBJC_ROOT_CLASS = YES_ERROR;
				CLANG_WARN_QUOTED_INCLUDE_IN_FRAMEWORK_HEADER = YES;
				CLANG_WARN_RANGE_LOOP_ANALYSIS = YES;
				CLANG_WARN_STRICT_PROTOTYPES = YES;
				CLANG_WARN_SUSPICIOUS_MOVE = YES;
				CLANG_WARN_UNGUARDED_AVAILABILITY = YES_AGGRESSIVE;
				CLANG_WARN_UNREACHABLE_CODE = YES;
				CLANG_WARN__DUPLICATE_METHOD_MATCH = YES;
				COPY_PHASE_STRIP = NO;
				DEBUG_INFORMATION_FORMAT = "dwarf-with-dsym";
				ENABLE_NS_ASSERTIONS = NO;
				ENABLE_STRICT_OBJC_MSGSEND = YES;
				GCC_C_LANGUAGE_STANDARD = gnu11;
				GCC_NO_COMMON_BLOCKS = YES;
				GCC_WARN_64_TO_32_BIT_CONVERSION = YES;
				GCC_WARN_ABOUT_RETURN_TYPE = YES_ERROR;
				GCC_WARN_UNDECLARED_SELECTOR = YES;
				GCC_WARN_UNINITIALIZED_AUTOS = YES_AGGRESSIVE;
				GCC_WARN_UNUSED_FUNCTION = YES;
				GCC_WARN_UNUSED_VARIABLE = YES;
				IPHONEOS_DEPLOYMENT_TARGET = 14.0;
				MTL_ENABLE_DEBUG_INFO = NO;
				MTL_FAST_MATH = YES;
				SDKROOT = iphoneos;
				SWIFT_COMPILATION_MODE = wholemodule;
				SWIFT_OPTIMIZATION_LEVEL = "-O";
				VALIDATE_PRODUCT = YES;
			};
			name = Release;
		};
		332811B92A99E2A9005EEAB7 /* Debug */ = {
			isa = XCBuildConfiguration;
			baseConfigurationReference = 332812042A9E65D9005EEAB7 /* Secrets.xcconfig */;
			buildSettings = {
				ASSETCATALOG_COMPILER_APPICON_NAME = AppIcon;
				ASSETCATALOG_COMPILER_GLOBAL_ACCENT_COLOR_NAME = AccentColor;
				CODE_SIGN_STYLE = Automatic;
				CURRENT_PROJECT_VERSION = 1;
				DEVELOPMENT_TEAM = V94RHZNH5T;
				GENERATE_INFOPLIST_FILE = YES;
				INFOPLIST_FILE = ToDoList/Info.plist;
				INFOPLIST_KEY_UIApplicationSupportsIndirectInputEvents = YES;
				INFOPLIST_KEY_UILaunchStoryboardName = LaunchScreen;
				INFOPLIST_KEY_UISupportedInterfaceOrientations_iPad = "UIInterfaceOrientationPortrait UIInterfaceOrientationPortraitUpsideDown UIInterfaceOrientationLandscapeLeft UIInterfaceOrientationLandscapeRight";
				INFOPLIST_KEY_UISupportedInterfaceOrientations_iPhone = "UIInterfaceOrientationPortrait UIInterfaceOrientationLandscapeLeft UIInterfaceOrientationLandscapeRight";
				IPHONEOS_DEPLOYMENT_TARGET = 14.0;
				LD_RUNPATH_SEARCH_PATHS = (
					"$(inherited)",
					"@executable_path/Frameworks",
				);
				MARKETING_VERSION = 1.0;
				PRODUCT_BUNDLE_IDENTIFIER = dev.jinyongp.ToDoList;
				PRODUCT_NAME = "$(TARGET_NAME)";
				SUPPORTED_PLATFORMS = "iphoneos iphonesimulator";
				SUPPORTS_MACCATALYST = NO;
				SUPPORTS_MAC_DESIGNED_FOR_IPHONE_IPAD = NO;
				SWIFT_EMIT_LOC_STRINGS = YES;
				SWIFT_VERSION = 5.0;
				TARGETED_DEVICE_FAMILY = 1;
			};
			name = Debug;
		};
		332811BA2A99E2A9005EEAB7 /* Release */ = {
			isa = XCBuildConfiguration;
			buildSettings = {
				ASSETCATALOG_COMPILER_APPICON_NAME = AppIcon;
				ASSETCATALOG_COMPILER_GLOBAL_ACCENT_COLOR_NAME = AccentColor;
				CODE_SIGN_STYLE = Automatic;
				CURRENT_PROJECT_VERSION = 1;
				DEVELOPMENT_TEAM = V94RHZNH5T;
				GENERATE_INFOPLIST_FILE = YES;
				INFOPLIST_FILE = ToDoList/Info.plist;
				INFOPLIST_KEY_UIApplicationSupportsIndirectInputEvents = YES;
				INFOPLIST_KEY_UILaunchStoryboardName = LaunchScreen;
				INFOPLIST_KEY_UISupportedInterfaceOrientations_iPad = "UIInterfaceOrientationPortrait UIInterfaceOrientationPortraitUpsideDown UIInterfaceOrientationLandscapeLeft UIInterfaceOrientationLandscapeRight";
				INFOPLIST_KEY_UISupportedInterfaceOrientations_iPhone = "UIInterfaceOrientationPortrait UIInterfaceOrientationLandscapeLeft UIInterfaceOrientationLandscapeRight";
				IPHONEOS_DEPLOYMENT_TARGET = 14.0;
				LD_RUNPATH_SEARCH_PATHS = (
					"$(inherited)",
					"@executable_path/Frameworks",
				);
				MARKETING_VERSION = 1.0;
				PRODUCT_BUNDLE_IDENTIFIER = dev.jinyongp.ToDoList;
				PRODUCT_NAME = "$(TARGET_NAME)";
				SUPPORTED_PLATFORMS = "iphoneos iphonesimulator";
				SUPPORTS_MACCATALYST = NO;
				SUPPORTS_MAC_DESIGNED_FOR_IPHONE_IPAD = NO;
				SWIFT_EMIT_LOC_STRINGS = YES;
				SWIFT_VERSION = 5.0;
				TARGETED_DEVICE_FAMILY = 1;
			};
			name = Release;
		};
/* End XCBuildConfiguration section */

/* Begin XCConfigurationList section */
		3328119F2A99E2A8005EEAB7 /* Build configuration list for PBXProject "ToDoList" */ = {
			isa = XCConfigurationList;
			buildConfigurations = (
				332811B62A99E2A9005EEAB7 /* Debug */,
				332811B72A99E2A9005EEAB7 /* Release */,
			);
			defaultConfigurationIsVisible = 0;
			defaultConfigurationName = Release;
		};
		332811B82A99E2A9005EEAB7 /* Build configuration list for PBXNativeTarget "ToDoList" */ = {
			isa = XCConfigurationList;
			buildConfigurations = (
				332811B92A99E2A9005EEAB7 /* Debug */,
				332811BA2A99E2A9005EEAB7 /* Release */,
			);
			defaultConfigurationIsVisible = 0;
			defaultConfigurationName = Release;
		};
/* End XCConfigurationList section */
	};
	rootObject = 3328119C2A99E2A8005EEAB7 /* Project object */;
}
